
Microsoft Visual Studio Solution File, Format Version 12.00
# Visual Studio Version 17
VisualStudioVersion = 17.10.35013.160
MinimumVisualStudioVersion = 10.0.40219.1
Project("{FAE04EC0-301F-11D3-BF4B-00C04F79EFBC}") = "CRM", "CRM\CRM.csproj", "{649B4650-20EB-4D62-B390-312A82AE00BD}"
EndProject
Global
	GlobalSection(SolutionConfigurationPlatforms) = preSolution
		Debug|Any CPU = Debug|Any CPU
		Release|Any CPU = Release|Any CPU
	EndGlobalSection
	GlobalSection(ProjectConfigurationPlatforms) = postSolution
		{649B4650-20EB-4D62-B390-312A82AE00BD}.Debug|Any CPU.ActiveCfg = Debug|Any CPU
		{649B4650-20EB-4D62-B390-312A82AE00BD}.Debug|Any CPU.Build.0 = Debug|Any CPU
		{649B4650-20EB-4D62-B390-312A82AE00BD}.Release|Any CPU.ActiveCfg = Release|Any CPU
		{649B4650-20EB-4D62-B390-312A82AE00BD}.Release|Any CPU.Build.0 = Release|Any CPU
	EndGlobalSection
	GlobalSection(SolutionProperties) = preSolution
		HideSolutionNode = FALSE
	EndGlobalSection
	GlobalSection(ExtensibilityGlobals) = postSolution
		SolutionGuid = {45012066-C9D3-4507-A4A9-2DE3861B9AEC}
	EndGlobalSection
EndGlobal
